
Microsoft Visual Studio Solution File, Format Version 12.00
# Visual Studio Version 17
VisualStudioVersion = 17.7.34018.315
MinimumVisualStudioVersion = 10.0.40219.1
Project("{FAE04EC0-301F-11D3-BF4B-00C04F79EFBC}") = "2048", "2048\2048.csproj", "{8B1705CF-BD2F-46F1-A680-1D77BB5B072A}"
EndProject
Global
	GlobalSection(SolutionConfigurationPlatforms) = preSolution
		Debug|Any CPU = Debug|Any CPU
		Release|Any CPU = Release|Any CPU
	EndGlobalSection
	GlobalSection(ProjectConfigurationPlatforms) = postSolution
		{8B1705CF-BD2F-46F1-A680-1D77BB5B072A}.Debug|Any CPU.ActiveCfg = Debug|Any CPU
		{8B1705CF-BD2F-46F1-A680-1D77BB5B072A}.Debug|Any CPU.Build.0 = Debug|Any CPU
		{8B1705CF-BD2F-46F1-A680-1D77BB5B072A}.Release|Any CPU.ActiveCfg = Release|Any CPU
		{8B1705CF-BD2F-46F1-A680-1D77BB5B072A}.Release|Any CPU.Build.0 = Release|Any CPU
	EndGlobalSection
	GlobalSection(SolutionProperties) = preSolution
		HideSolutionNode = FALSE
	EndGlobalSection
	GlobalSection(ExtensibilityGlobals) = postSolution
		SolutionGuid = {39707CDB-5984-4EA6-ABB8-06F77AC12710}
	EndGlobalSection
EndGlobal
